
Microsoft Visual Studio Solution File, Format Version 12.00
# Visual Studio Version 17
VisualStudioVersion = 17.0.32014.148
MinimumVisualStudioVersion = 10.0.40219.1
Project("{FAE04EC0-301F-11D3-BF4B-00C04F79EFBC}") = "MatrimonyAPI", "MatrimonyAPI.csproj", "{7313D2DE-B2F6-4056-A5F9-84449EACE691}"
EndProject
Global
	GlobalSection(SolutionConfigurationPlatforms) = preSolution
		Debug|Any CPU = Debug|Any CPU
		Release|Any CPU = Release|Any CPU
	EndGlobalSection
	GlobalSection(ProjectConfigurationPlatforms) = postSolution
		{7313D2DE-B2F6-4056-A5F9-84449EACE691}.Debug|Any CPU.ActiveCfg = Debug|Any CPU
		{7313D2DE-B2F6-4056-A5F9-84449EACE691}.Debug|Any CPU.Build.0 = Debug|Any CPU
		{7313D2DE-B2F6-4056-A5F9-84449EACE691}.Release|Any CPU.ActiveCfg = Release|Any CPU
		{7313D2DE-B2F6-4056-A5F9-84449EACE691}.Release|Any CPU.Build.0 = Release|Any CPU
	EndGlobalSection
	GlobalSection(SolutionProperties) = preSolution
		HideSolutionNode = FALSE
	EndGlobalSection
	GlobalSection(ExtensibilityGlobals) = postSolution
		SolutionGuid = {E8791841-9BA2-4C5F-97ED-8F4F2C26681B}
	EndGlobalSection
EndGlobal
